{
  "name": "node-binder",
  "version": "1.1.1",
  "lockfileVersion": 1,
  "requires": true,
  "dependencies": {
    "i": {
      "version": "0.3.6",
      "resolved": "https://registry.npmjs.org/i/-/i-0.3.6.tgz",
      "integrity": "sha1-2WyScyB28HJxG2sQ/X1PZa2O4j0="
    },
    "tsc": {
      "version": "2.0.3",
      "resolved": "https://registry.npmjs.org/tsc/-/tsc-2.0.3.tgz",
      "integrity": "sha512-SN+9zBUtrpUcOpaUO7GjkEHgWtf22c7FKbKCA4e858eEM7Qz86rRDpgOU2lBIDf0fLCsEg65ms899UMUIB2+Ow=="
    }
  }
}
